// !$*UTF8*$!
{
	archiveVersion = 1;
	classes = {
	};
	objectVersion = 55;
	objects = {

/* Begin PBXBuildFile section */
		DE4A7133289248BD0021D069 /* FolCalorieApp.swift in Sources */ = {isa = PBXBuildFile; fileRef = DE4A7132289248BD0021D069 /* FolCalorieApp.swift */; };
		DE4A7135289248BD0021D069 /* ContentView.swift in Sources */ = {isa = PBXBuildFile; fileRef = DE4A7134289248BD0021D069 /* ContentView.swift */; };
		DE4A7137289248C10021D069 /* Assets.xcassets in Resources */ = {isa = PBXBuildFile; fileRef = DE4A7136289248C10021D069 /* Assets.xcassets */; };
		DE4A713A289248C10021D069 /* Preview Assets.xcassets in Resources */ = {isa = PBXBuildFile; fileRef = DE4A7139289248C10021D069 /* Preview Assets.xcassets */; };
		DE4A7143289249190021D069 /* FoodModel.xcdatamodeld in Sources */ = {isa = PBXBuildFile; fileRef = DE4A7141289249190021D069 /* FoodModel.xcdatamodeld */; };
		DE4A7145289249AA0021D069 /* DataController.swift in Sources */ = {isa = PBXBuildFile; fileRef = DE4A7144289249AA0021D069 /* DataController.swift */; };
		DE4A714828924BDB0021D069 /* Food+CoreDataClass.swift in Sources */ = {isa = PBXBuildFile; fileRef = DE4A714628924BDB0021D069 /* Food+CoreDataClass.swift */; };
		DE4A714928924BDB0021D069 /* Food+CoreDataProperties.swift in Sources */ = {isa = PBXBuildFile; fileRef = DE4A714728924BDB0021D069 /* Food+CoreDataProperties.swift */; };
		DE4A714D28924C6C0021D069 /* AddFoodView.swift in Sources */ = {isa = PBXBuildFile; fileRef = DE4A714C28924C6C0021D069 /* AddFoodView.swift */; };
		DE4A71502892556B0021D069 /* TimeFormatting.swift in Sources */ = {isa = PBXBuildFile; fileRef = DE4A714F2892556B0021D069 /* TimeFormatting.swift */; };
		DE4A7152289259CA0021D069 /* EditFoodView.swift in Sources */ = {isa = PBXBuildFile; fileRef = DE4A7151289259CA0021D069 /* EditFoodView.swift */; };
/* End PBXBuildFile section */

/* Begin PBXFileReference section */
		DE4A712F289248BD0021D069 /* FolCalorie.app */ = {isa = PBXFileReference; explicitFileType = wrapper.application; includeInIndex = 0; path = FolCalorie.app; sourceTree = BUILT_PRODUCTS_DIR; };
		DE4A7132289248BD0021D069 /* FolCalorieApp.swift */ = {isa = PBXFileReference; lastKnownFileType = sourcecode.swift; path = FolCalorieApp.swift; sourceTree = "<group>"; };
		DE4A7134289248BD0021D069 /* ContentView.swift */ = {isa = PBXFileReference; lastKnownFileType = sourcecode.swift; path = ContentView.swift; sourceTree = "<group>"; };
		DE4A7136289248C10021D069 /* Assets.xcassets */ = {isa = PBXFileReference; lastKnownFileType = folder.assetcatalog; path = Assets.xcassets; sourceTree = "<group>"; };
		DE4A7139289248C10021D069 /* Preview Assets.xcassets */ = {isa = PBXFileReference; lastKnownFileType = folder.assetcatalog; path = "Preview Assets.xcassets"; sourceTree = "<group>"; };
		DE4A7142289249190021D069 /* FoodModel.xcdatamodel */ = {isa = PBXFileReference; lastKnownFileType = wrapper.xcdatamodel; path = FoodModel.xcdatamodel; sourceTree = "<group>"; };
		DE4A7144289249AA0021D069 /* DataController.swift */ = {isa = PBXFileReference; lastKnownFileType = sourcecode.swift; path = DataController.swift; sourceTree = "<group>"; };
		DE4A714628924BDB0021D069 /* Food+CoreDataClass.swift */ = {isa = PBXFileReference; lastKnownFileType = sourcecode.swift; path = "Food+CoreDataClass.swift"; sourceTree = "<group>"; };
		DE4A714728924BDB0021D069 /* Food+CoreDataProperties.swift */ = {isa = PBXFileReference; lastKnownFileType = sourcecode.swift; path = "Food+CoreDataProperties.swift"; sourceTree = "<group>"; };
		DE4A714C28924C6C0021D069 /* AddFoodView.swift */ = {isa = PBXFileReference; lastKnownFileType = sourcecode.swift; path = AddFoodView.swift; sourceTree = "<group>"; };
		DE4A714F2892556B0021D069 /* TimeFormatting.swift */ = {isa = PBXFileReference; lastKnownFileType = sourcecode.swift; path = TimeFormatting.swift; sourceTree = "<group>"; };
		DE4A7151289259CA0021D069 /* EditFoodView.swift */ = {isa = PBXFileReference; lastKnownFileType = sourcecode.swift; path = EditFoodView.swift; sourceTree = "<group>"; };
/* End PBXFileReference section */

/* Begin PBXFrameworksBuildPhase section */
		DE4A712C289248BD0021D069 /* Frameworks */ = {
			isa = PBXFrameworksBuildPhase;
			buildActionMask = 2147483647;
			files = (
			);
			runOnlyForDeploymentPostprocessing = 0;
		};
/* End PBXFrameworksBuildPhase section */

/* Begin PBXGroup section */
		DE4A7126289248BD0021D069 = {
			isa = PBXGroup;
			children = (
				DE4A7131289248BD0021D069 /* FolCalorie */,
				DE4A7130289248BD0021D069 /* Products */,
			);
			sourceTree = "<group>";
		};
		DE4A7130289248BD0021D069 /* Products */ = {
			isa = PBXGroup;
			children = (
				DE4A712F289248BD0021D069 /* FolCalorie.app */,
			);
			name = Products;
			sourceTree = "<group>";
		};
		DE4A7131289248BD0021D069 /* FolCalorie */ = {
			isa = PBXGroup;
			children = (
				DE4A714E28924DB60021D069 /* Helpers */,
				DE4A714A28924C3A0021D069 /* Views */,
				DE4A7132289248BD0021D069 /* FolCalorieApp.swift */,
				DE4A7136289248C10021D069 /* Assets.xcassets */,
				DE4A714B28924C410021D069 /* CoreDataFiles */,
				DE4A7140289249000021D069 /* DataModel */,
				DE4A7138289248C10021D069 /* Preview Content */,
			);
			path = FolCalorie;
			sourceTree = "<group>";
		};
		DE4A7138289248C10021D069 /* Preview Content */ = {
			isa = PBXGroup;
			children = (
				DE4A7139289248C10021D069 /* Preview Assets.xcassets */,
			);
			path = "Preview Content";
			sourceTree = "<group>";
		};
		DE4A7140289249000021D069 /* DataModel */ = {
			isa = PBXGroup;
			children = (
				DE4A7141289249190021D069 /* FoodModel.xcdatamodeld */,
				DE4A7144289249AA0021D069 /* DataController.swift */,
			);
			path = DataModel;
			sourceTree = "<group>";
		};
		DE4A714A28924C3A0021D069 /* Views */ = {
			isa = PBXGroup;
			children = (
				DE4A7134289248BD0021D069 /* ContentView.swift */,
				DE4A714C28924C6C0021D069 /* AddFoodView.swift */,
				DE4A7151289259CA0021D069 /* EditFoodView.swift */,
			);
			path = Views;
			sourceTree = "<group>";
		};
		DE4A714B28924C410021D069 /* CoreDataFiles */ = {
			isa = PBXGroup;
			children = (
				DE4A714728924BDB0021D069 /* Food+CoreDataProperties.swift */,
				DE4A714628924BDB0021D069 /* Food+CoreDataClass.swift */,
			);
			path = CoreDataFiles;
			sourceTree = "<group>";
		};
		DE4A714E28924DB60021D069 /* Helpers */ = {
			isa = PBXGroup;
			children = (
				DE4A714F2892556B0021D069 /* TimeFormatting.swift */,
			);
			path = Helpers;
			sourceTree = "<group>";
		};
/* End PBXGroup section */

/* Begin PBXNativeTarget section */
		DE4A712E289248BD0021D069 /* FolCalorie */ = {
			isa = PBXNativeTarget;
			buildConfigurationList = DE4A713D289248C10021D069 /* Build configuration list for PBXNativeTarget "FolCalorie" */;
			buildPhases = (
				DE4A712B289248BD0021D069 /* Sources */,
				DE4A712C289248BD0021D069 /* Frameworks */,
				DE4A712D289248BD0021D069 /* Resources */,
			);
			buildRules = (
			);
			dependencies = (
			);
			name = FolCalorie;
			productName = FolCalorie;
			productReference = DE4A712F289248BD0021D069 /* FolCalorie.app */;
			productType = "com.apple.product-type.application";
		};
/* End PBXNativeTarget section */

/* Begin PBXProject section */
		DE4A7127289248BD0021D069 /* Project object */ = {
			isa = PBXProject;
			attributes = {
				BuildIndependentTargetsInParallel = 1;
				LastSwiftUpdateCheck = 1340;
				LastUpgradeCheck = 1340;
				TargetAttributes = {
					DE4A712E289248BD0021D069 = {
						CreatedOnToolsVersion = 13.4.1;
					};
				};
			};
			buildConfigurationList = DE4A712A289248BD0021D069 /* Build configuration list for PBXProject "FolCalorie" */;
			compatibilityVersion = "Xcode 13.0";
			developmentRegion = en;
			hasScannedForEncodings = 0;
			knownRegions = (
				en,
				Base,
			);
			mainGroup = DE4A7126289248BD0021D069;
			productRefGroup = DE4A7130289248BD0021D069 /* Products */;
			projectDirPath = "";
			projectRoot = "";
			targets = (
				DE4A712E289248BD0021D069 /* FolCalorie */,
			);
		};
/* End PBXProject section */

/* Begin PBXResourcesBuildPhase section */
		DE4A712D289248BD0021D069 /* Resources */ = {
			isa = PBXResourcesBuildPhase;
			buildActionMask = 2147483647;
			files = (
				DE4A713A289248C10021D069 /* Preview Assets.xcassets in Resources */,
				DE4A7137289248C10021D069 /* Assets.xcassets in Resources */,
			);
			runOnlyForDeploymentPostprocessing = 0;
		};
/* End PBXResourcesBuildPhase section */

/* Begin PBXSourcesBuildPhase section */
		DE4A712B289248BD0021D069 /* Sources */ = {
			isa = PBXSourcesBuildPhase;
			buildActionMask = 2147483647;
			files = (
				DE4A714828924BDB0021D069 /* Food+CoreDataClass.swift in Sources */,
				DE4A71502892556B0021D069 /* TimeFormatting.swift in Sources */,
				DE4A7152289259CA0021D069 /* EditFoodView.swift in Sources */,
				DE4A7135289248BD0021D069 /* ContentView.swift in Sources */,
				DE4A7145289249AA0021D069 /* DataController.swift in Sources */,
				DE4A7133289248BD0021D069 /* FolCalorieApp.swift in Sources */,
				DE4A7143289249190021D069 /* FoodModel.xcdatamodeld in Sources */,
				DE4A714928924BDB0021D069 /* Food+CoreDataProperties.swift in Sources */,
				DE4A714D28924C6C0021D069 /* AddFoodView.swift in Sources */,
			);
			runOnlyForDeploymentPostprocessing = 0;
		};
/* End PBXSourcesBuildPhase section */

/* Begin XCBuildConfiguration section */
		DE4A713B289248C10021D069 /* Debug */ = {
			isa = XCBuildConfiguration;
			buildSettings = {
				ALWAYS_SEARCH_USER_PATHS = NO;
				CLANG_ANALYZER_NONNULL = YES;
				CLANG_ANALYZER_NUMBER_OBJECT_CONVERSION = YES_AGGRESSIVE;
				CLANG_CXX_LANGUAGE_STANDARD = "gnu++17";
				CLANG_ENABLE_MODULES = YES;
				CLANG_ENABLE_OBJC_ARC = YES;
				CLANG_ENABLE_OBJC_WEAK = YES;
				CLANG_WARN_BLOCK_CAPTURE_AUTORELEASING = YES;
				CLANG_WARN_BOOL_CONVERSION = YES;
				CLANG_WARN_COMMA = YES;
				CLANG_WARN_CONSTANT_CONVERSION = YES;
				CLANG_WARN_DEPRECATED_OBJC_IMPLEMENTATIONS = YES;
				CLANG_WARN_DIRECT_OBJC_ISA_USAGE = YES_ERROR;
				CLANG_WARN_DOCUMENTATION_COMMENTS = YES;
				CLANG_WARN_EMPTY_BODY = YES;
				CLANG_WARN_ENUM_CONVERSION = YES;
				CLANG_WARN_INFINITE_RECURSION = YES;
				CLANG_WARN_INT_CONVERSION = YES;
				CLANG_WARN_NON_LITERAL_NULL_CONVERSION = YES;
				CLANG_WARN_OBJC_IMPLICIT_RETAIN_SELF = YES;
				CLANG_WARN_OBJC_LITERAL_CONVERSION = YES;
				CLANG_WARN_OBJC_ROOT_CLASS = YES_ERROR;
				CLANG_WARN_QUOTED_INCLUDE_IN_FRAMEWORK_HEADER = YES;
				CLANG_WARN_RANGE_LOOP_ANALYSIS = YES;
				CLANG_WARN_STRICT_PROTOTYPES = YES;
				CLANG_WARN_SUSPICIOUS_MOVE = YES;
				CLANG_WARN_UNGUARDED_AVAILABILITY = YES_AGGRESSIVE;
				CLANG_WARN_UNREACHABLE_CODE = YES;
				CLANG_WARN__DUPLICATE_METHOD_MATCH = YES;
				COPY_PHASE_STRIP = NO;
				DEBUG_INFORMATION_FORMAT = dwarf;
				ENABLE_STRICT_OBJC_MSGSEND = YES;
				ENABLE_TESTABILITY = YES;
				GCC_C_LANGUAGE_STANDARD = gnu11;
				GCC_DYNAMIC_NO_PIC = NO;
				GCC_NO_COMMON_BLOCKS = YES;
				GCC_OPTIMIZATION_LEVEL = 0;
				GCC_PREPROCESSOR_DEFINITIONS = (
					"DEBUG=1",
					"$(inherited)",
				);
				GCC_WARN_64_TO_32_BIT_CONVERSION = YES;
				GCC_WARN_ABOUT_RETURN_TYPE = YES_ERROR;
				GCC_WARN_UNDECLARED_SELECTOR = YES;
				GCC_WARN_UNINITIALIZED_AUTOS = YES_AGGRESSIVE;
				GCC_WARN_UNUSED_FUNCTION = YES;
				GCC_WARN_UNUSED_VARIABLE = YES;
				IPHONEOS_DEPLOYMENT_TARGET = 15.5;
				MTL_ENABLE_DEBUG_INFO = INCLUDE_SOURCE;
				MTL_FAST_MATH = YES;
				ONLY_ACTIVE_ARCH = YES;
				SDKROOT = iphoneos;
				SWIFT_ACTIVE_COMPILATION_CONDITIONS = DEBUG;
				SWIFT_OPTIMIZATION_LEVEL = "-Onone";
			};
			name = Debug;
		};
		DE4A713C289248C10021D069 /* Release */ = {
			isa = XCBuildConfiguration;
			buildSettings = {
				ALWAYS_SEARCH_USER_PATHS = NO;
				CLANG_ANALYZER_NONNULL = YES;
				CLANG_ANALYZER_NUMBER_OBJECT_CONVERSION = YES_AGGRESSIVE;
				CLANG_CXX_LANGUAGE_STANDARD = "gnu++17";
				CLANG_ENABLE_MODULES = YES;
				CLANG_ENABLE_OBJC_ARC = YES;
				CLANG_ENABLE_OBJC_WEAK = YES;
				CLANG_WARN_BLOCK_CAPTURE_AUTORELEASING = YES;
				CLANG_WARN_BOOL_CONVERSION = YES;
				CLANG_WARN_COMMA = YES;
				CLANG_WARN_CONSTANT_CONVERSION = YES;
				CLANG_WARN_DEPRECATED_OBJC_IMPLEMENTATIONS = YES;
				CLANG_WARN_DIRECT_OBJC_ISA_USAGE = YES_ERROR;
				CLANG_WARN_DOCUMENTATION_COMMENTS = YES;
				CLANG_WARN_EMPTY_BODY = YES;
				CLANG_WARN_ENUM_CONVERSION = YES;
				CLANG_WARN_INFINITE_RECURSION = YES;
				CLANG_WARN_INT_CONVERSION = YES;
				CLANG_WARN_NON_LITERAL_NULL_CONVERSION = YES;
				CLANG_WARN_OBJC_IMPLICIT_RETAIN_SELF = YES;
				CLANG_WARN_OBJC_LITERAL_CONVERSION = YES;
				CLANG_WARN_OBJC_ROOT_CLASS = YES_ERROR;
				CLANG_WARN_QUOTED_INCLUDE_IN_FRAMEWORK_HEADER = YES;
				CLANG_WARN_RANGE_LOOP_ANALYSIS = YES;
				CLANG_WARN_STRICT_PROTOTYPES = YES;
				CLANG_WARN_SUSPICIOUS_MOVE = YES;
				CLANG_WARN_UNGUARDED_AVAILABILITY = YES_AGGRESSIVE;
				CLANG_WARN_UNREACHABLE_CODE = YES;
				CLANG_WARN__DUPLICATE_METHOD_MATCH = YES;
				COPY_PHASE_STRIP = NO;
				DEBUG_INFORMATION_FORMAT = "dwarf-with-dsym";
				ENABLE_NS_ASSERTIONS = NO;
				ENABLE_STRICT_OBJC_MSGSEND = YES;
				GCC_C_LANGUAGE_STANDARD = gnu11;
				GCC_NO_COMMON_BLOCKS = YES;
				GCC_WARN_64_TO_32_BIT_CONVERSION = YES;
				GCC_WARN_ABOUT_RETURN_TYPE = YES_ERROR;
				GCC_WARN_UNDECLARED_SELECTOR = YES;
				GCC_WARN_UNINITIALIZED_AUTOS = YES_AGGRESSIVE;
				GCC_WARN_UNUSED_FUNCTION = YES;
				GCC_WARN_UNUSED_VARIABLE = YES;
				IPHONEOS_DEPLOYMENT_TARGET = 15.5;
				MTL_ENABLE_DEBUG_INFO = NO;
				MTL_FAST_MATH = YES;
				SDKROOT = iphoneos;
				SWIFT_COMPILATION_MODE = wholemodule;
				SWIFT_OPTIMIZATION_LEVEL = "-O";
				VALIDATE_PRODUCT = YES;
			};
			name = Release;
		};
		DE4A713E289248C10021D069 /* Debug */ = {
			isa = XCBuildConfiguration;
			buildSettings = {
				ASSETCATALOG_COMPILER_APPICON_NAME = AppIcon;
				ASSETCATALOG_COMPILER_GLOBAL_ACCENT_COLOR_NAME = AccentColor;
				CODE_SIGN_STYLE = Automatic;
				CURRENT_PROJECT_VERSION = 1;
				DEVELOPMENT_ASSET_PATHS = "\"FolCalorie/Preview Content\"";
				DEVELOPMENT_TEAM = 7CRNJ953YN;
				ENABLE_PREVIEWS = YES;
				GENERATE_INFOPLIST_FILE = YES;
				INFOPLIST_KEY_UIApplicationSceneManifest_Generation = YES;
				INFOPLIST_KEY_UIApplicationSupportsIndirectInputEvents = YES;
				INFOPLIST_KEY_UILaunchScreen_Generation = YES;
				INFOPLIST_KEY_UISupportedInterfaceOrientations_iPad = "UIInterfaceOrientationPortrait UIInterfaceOrientationPortraitUpsideDown UIInterfaceOrientationLandscapeLeft UIInterfaceOrientationLandscapeRight";
				INFOPLIST_KEY_UISupportedInterfaceOrientations_iPhone = "UIInterfaceOrientationPortrait UIInterfaceOrientationLandscapeLeft UIInterfaceOrientationLandscapeRight";
				LD_RUNPATH_SEARCH_PATHS = (
					"$(inherited)",
					"@executable_path/Frameworks",
				);
				MARKETING_VERSION = 1.0;
				PRODUCT_BUNDLE_IDENTIFIER = com.omerKilicaslan.FolCalorie;
				PRODUCT_NAME = "$(TARGET_NAME)";
				SWIFT_EMIT_LOC_STRINGS = YES;
				SWIFT_VERSION = 5.0;
				TARGETED_DEVICE_FAMILY = "1,2";
			};
			name = Debug;
		};
		DE4A713F289248C10021D069 /* Release */ = {
			isa = XCBuildConfiguration;
			buildSettings = {
				ASSETCATALOG_COMPILER_APPICON_NAME = AppIcon;
				ASSETCATALOG_COMPILER_GLOBAL_ACCENT_COLOR_NAME = AccentColor;
				CODE_SIGN_STYLE = Automatic;
				CURRENT_PROJECT_VERSION = 1;
				DEVELOPMENT_ASSET_PATHS = "\"FolCalorie/Preview Content\"";
				DEVELOPMENT_TEAM = 7CRNJ953YN;
				ENABLE_PREVIEWS = YES;
				GENERATE_INFOPLIST_FILE = YES;
				INFOPLIST_KEY_UIApplicationSceneManifest_Generation = YES;
				INFOPLIST_KEY_UIApplicationSupportsIndirectInputEvents = YES;
				INFOPLIST_KEY_UILaunchScreen_Generation = YES;
				INFOPLIST_KEY_UISupportedInterfaceOrientations_iPad = "UIInterfaceOrientationPortrait UIInterfaceOrientationPortraitUpsideDown UIInterfaceOrientationLandscapeLeft UIInterfaceOrientationLandscapeRight";
				INFOPLIST_KEY_UISupportedInterfaceOrientations_iPhone = "UIInterfaceOrientationPortrait UIInterfaceOrientationLandscapeLeft UIInterfaceOrientationLandscapeRight";
				LD_RUNPATH_SEARCH_PATHS = (
					"$(inherited)",
					"@executable_path/Frameworks",
				);
				MARKETING_VERSION = 1.0;
				PRODUCT_BUNDLE_IDENTIFIER = com.omerKilicaslan.FolCalorie;
				PRODUCT_NAME = "$(TARGET_NAME)";
				SWIFT_EMIT_LOC_STRINGS = YES;
				SWIFT_VERSION = 5.0;
				TARGETED_DEVICE_FAMILY = "1,2";
			};
			name = Release;
		};
/* End XCBuildConfiguration section */

/* Begin XCConfigurationList section */
		DE4A712A289248BD0021D069 /* Build configuration list for PBXProject "FolCalorie" */ = {
			isa = XCConfigurationList;
			buildConfigurations = (
				DE4A713B289248C10021D069 /* Debug */,
				DE4A713C289248C10021D069 /* Release */,
			);
			defaultConfigurationIsVisible = 0;
			defaultConfigurationName = Release;
		};
		DE4A713D289248C10021D069 /* Build configuration list for PBXNativeTarget "FolCalorie" */ = {
			isa = XCConfigurationList;
			buildConfigurations = (
				DE4A713E289248C10021D069 /* Debug */,
				DE4A713F289248C10021D069 /* Release */,
			);
			defaultConfigurationIsVisible = 0;
			defaultConfigurationName = Release;
		};
/* End XCConfigurationList section */

/* Begin XCVersionGroup section */
		DE4A7141289249190021D069 /* FoodModel.xcdatamodeld */ = {
			isa = XCVersionGroup;
			children = (
				DE4A7142289249190021D069 /* FoodModel.xcdatamodel */,
			);
			currentVersion = DE4A7142289249190021D069 /* FoodModel.xcdatamodel */;
			path = FoodModel.xcdatamodeld;
			sourceTree = "<group>";
			versionGroupType = wrapper.xcdatamodel;
		};
/* End XCVersionGroup section */
	};
	rootObject = DE4A7127289248BD0021D069 /* Project object */;
}
